
Microsoft Visual Studio Solution File, Format Version 12.00
# Visual Studio Version 16
VisualStudioVersion = 16.0.28407.52
MinimumVisualStudioVersion = 10.0.40219.1
Project("{9A19103F-16F7-4668-BE54-9A1E7A4F7556}") = "Lottery", "Lottery\Lottery.csproj", "{B7220F75-C65A-489E-B683-E10B8D7C0C6F}"
EndProject
Project("{2150E333-8FDC-42A3-9474-1A3956D46DE8}") = "Solution Items", "Solution Items", "{BDC064BB-8F6A-4D27-9A2F-523E74A27A2E}"
	ProjectSection(SolutionItems) = preProject
		README.md = README.md
	EndProjectSection
EndProject
Global
	GlobalSection(SolutionConfigurationPlatforms) = preSolution
		Debug|Any CPU = Debug|Any CPU
		Release|Any CPU = Release|Any CPU
	EndGlobalSection
	GlobalSection(ProjectConfigurationPlatforms) = postSolution
		{B7220F75-C65A-489E-B683-E10B8D7C0C6F}.Debug|Any CPU.ActiveCfg = Debug|Any CPU
		{B7220F75-C65A-489E-B683-E10B8D7C0C6F}.Debug|Any CPU.Build.0 = Debug|Any CPU
		{B7220F75-C65A-489E-B683-E10B8D7C0C6F}.Release|Any CPU.ActiveCfg = Release|Any CPU
		{B7220F75-C65A-489E-B683-E10B8D7C0C6F}.Release|Any CPU.Build.0 = Release|Any CPU
	EndGlobalSection
	GlobalSection(SolutionProperties) = preSolution
		HideSolutionNode = FALSE
	EndGlobalSection
	GlobalSection(ExtensibilityGlobals) = postSolution
		SolutionGuid = {336CEDF4-3842-475B-85E9-DE0D945F3245}
	EndGlobalSection
EndGlobal
